
Microsoft Visual Studio Solution File, Format Version 12.00
# Visual Studio Version 17
VisualStudioVersion = 17.5.002.0
MinimumVisualStudioVersion = 10.0.40219.1
Project("{9A19103F-16F7-4668-BE54-9A1E7A4F7556}") = "WaterBucketChallenge", "WaterBucketChallenge.csproj", "{76D6B8ED-2179-435C-B92B-BF53596FD101}"
EndProject
Global
	GlobalSection(SolutionConfigurationPlatforms) = preSolution
		Debug|Any CPU = Debug|Any CPU
		Release|Any CPU = Release|Any CPU
	EndGlobalSection
	GlobalSection(ProjectConfigurationPlatforms) = postSolution
		{76D6B8ED-2179-435C-B92B-BF53596FD101}.Debug|Any CPU.ActiveCfg = Debug|Any CPU
		{76D6B8ED-2179-435C-B92B-BF53596FD101}.Debug|Any CPU.Build.0 = Debug|Any CPU
		{76D6B8ED-2179-435C-B92B-BF53596FD101}.Release|Any CPU.ActiveCfg = Release|Any CPU
		{76D6B8ED-2179-435C-B92B-BF53596FD101}.Release|Any CPU.Build.0 = Release|Any CPU
		{A52C34E5-3636-4A2A-87B2-3785062427A4}.Debug|Any CPU.ActiveCfg = Debug|Any CPU
		{A52C34E5-3636-4A2A-87B2-3785062427A4}.Debug|Any CPU.Build.0 = Debug|Any CPU
		{A52C34E5-3636-4A2A-87B2-3785062427A4}.Release|Any CPU.ActiveCfg = Release|Any CPU
		{A52C34E5-3636-4A2A-87B2-3785062427A4}.Release|Any CPU.Build.0 = Release|Any CPU
		{E00E91A3-0EBA-4AFE-90EE-35C5EC1CD671}.Debug|Any CPU.ActiveCfg = Debug|Any CPU
		{E00E91A3-0EBA-4AFE-90EE-35C5EC1CD671}.Debug|Any CPU.Build.0 = Debug|Any CPU
		{E00E91A3-0EBA-4AFE-90EE-35C5EC1CD671}.Release|Any CPU.ActiveCfg = Release|Any CPU
		{E00E91A3-0EBA-4AFE-90EE-35C5EC1CD671}.Release|Any CPU.Build.0 = Release|Any CPU
	EndGlobalSection
	GlobalSection(SolutionProperties) = preSolution
		HideSolutionNode = FALSE
	EndGlobalSection
	GlobalSection(ExtensibilityGlobals) = postSolution
		SolutionGuid = {C0539E9D-6BA8-4A02-AAC6-6BEE593FAE29}
	EndGlobalSection
EndGlobal
